
Microsoft Visual Studio Solution File, Format Version 12.00
# Visual Studio Version 17
VisualStudioVersion = 17.5.002.0
MinimumVisualStudioVersion = 10.0.40219.1
Project("{9A19103F-16F7-4668-BE54-9A1E7A4F7556}") = "obs-client-api-dotnet", "obs-client-api-dotnet\obs-client-api-dotnet.csproj", "{57F53E8D-2994-4444-8B5B-218B0EDDEB0A}"
EndProject
Global
	GlobalSection(SolutionConfigurationPlatforms) = preSolution
		Debug|Any CPU = Debug|Any CPU
		Release|Any CPU = Release|Any CPU
	EndGlobalSection
	GlobalSection(ProjectConfigurationPlatforms) = postSolution
		{57F53E8D-2994-4444-8B5B-218B0EDDEB0A}.Debug|Any CPU.ActiveCfg = Debug|Any CPU
		{57F53E8D-2994-4444-8B5B-218B0EDDEB0A}.Debug|Any CPU.Build.0 = Debug|Any CPU
		{57F53E8D-2994-4444-8B5B-218B0EDDEB0A}.Release|Any CPU.ActiveCfg = Release|Any CPU
		{57F53E8D-2994-4444-8B5B-218B0EDDEB0A}.Release|Any CPU.Build.0 = Release|Any CPU
	EndGlobalSection
	GlobalSection(SolutionProperties) = preSolution
		HideSolutionNode = FALSE
	EndGlobalSection
	GlobalSection(ExtensibilityGlobals) = postSolution
		SolutionGuid = {3D78469A-D0F4-4F8E-AC8D-91EC0E69A748}
	EndGlobalSection
EndGlobal
